
Microsoft Visual Studio Solution File, Format Version 12.00
# Visual Studio Version 17
VisualStudioVersion = 17.10.35122.118
MinimumVisualStudioVersion = 10.0.40219.1
Project("{FAE04EC0-301F-11D3-BF4B-00C04F79EFBC}") = "PortraitMaker2", "PortraitMaker2.csproj", "{EA384B5B-71FF-484F-AE95-DEE3BCEC5292}"
EndProject
Global
	GlobalSection(SolutionConfigurationPlatforms) = preSolution
		Debug|Any CPU = Debug|Any CPU
		Release|Any CPU = Release|Any CPU
	EndGlobalSection
	GlobalSection(ProjectConfigurationPlatforms) = postSolution
		{EA384B5B-71FF-484F-AE95-DEE3BCEC5292}.Debug|Any CPU.ActiveCfg = Debug|Any CPU
		{EA384B5B-71FF-484F-AE95-DEE3BCEC5292}.Debug|Any CPU.Build.0 = Debug|Any CPU
		{EA384B5B-71FF-484F-AE95-DEE3BCEC5292}.Release|Any CPU.ActiveCfg = Release|Any CPU
		{EA384B5B-71FF-484F-AE95-DEE3BCEC5292}.Release|Any CPU.Build.0 = Release|Any CPU
	EndGlobalSection
	GlobalSection(SolutionProperties) = preSolution
		HideSolutionNode = FALSE
	EndGlobalSection
	GlobalSection(ExtensibilityGlobals) = postSolution
		SolutionGuid = {DAA3089B-CA0F-47A2-8539-520F3E975474}
	EndGlobalSection
EndGlobal
